
Microsoft Visual Studio Solution File, Format Version 12.00
# Visual Studio Version 17
VisualStudioVersion = 17.0.31903.59
MinimumVisualStudioVersion = 10.0.40219.1
Project("{FAE04EC0-301F-11D3-BF4B-00C04F79EFBC}") = "WindowsFormsApp1", "WindowsFormsApp1\WindowsFormsApp1.csproj", "{D2D86659-D193-413E-9A48-615EC5C7ABE4}"
EndProject
Global
	GlobalSection(SolutionConfigurationPlatforms) = preSolution
		Debug|Any CPU = Debug|Any CPU
		Release|Any CPU = Release|Any CPU
	EndGlobalSection
	GlobalSection(ProjectConfigurationPlatforms) = postSolution
		{D2D86659-D193-413E-9A48-615EC5C7ABE4}.Debug|Any CPU.ActiveCfg = Debug|Any CPU
		{D2D86659-D193-413E-9A48-615EC5C7ABE4}.Debug|Any CPU.Build.0 = Debug|Any CPU
		{D2D86659-D193-413E-9A48-615EC5C7ABE4}.Release|Any CPU.ActiveCfg = Release|Any CPU
		{D2D86659-D193-413E-9A48-615EC5C7ABE4}.Release|Any CPU.Build.0 = Release|Any CPU
	EndGlobalSection
	GlobalSection(SolutionProperties) = preSolution
		HideSolutionNode = FALSE
	EndGlobalSection
	GlobalSection(ExtensibilityGlobals) = postSolution
		SolutionGuid = {BDCBE3EB-F4C2-4F52-80C2-0A90308542DE}
	EndGlobalSection
EndGlobal
